
Microsoft Visual Studio Solution File, Format Version 12.00
# Visual Studio Version 16
VisualStudioVersion = 16.0.31205.134
MinimumVisualStudioVersion = 10.0.40219.1
Project("{FAE04EC0-301F-11D3-BF4B-00C04F79EFBC}") = "ERP-JE", "ERP-JE\ERP-JE.csproj", "{5D4F753C-1718-4E15-9FCC-A0440C868881}"
EndProject
Global
	GlobalSection(SolutionConfigurationPlatforms) = preSolution
		Debug|Any CPU = Debug|Any CPU
		Release|Any CPU = Release|Any CPU
	EndGlobalSection
	GlobalSection(ProjectConfigurationPlatforms) = postSolution
		{5D4F753C-1718-4E15-9FCC-A0440C868881}.Debug|Any CPU.ActiveCfg = Debug|Any CPU
		{5D4F753C-1718-4E15-9FCC-A0440C868881}.Debug|Any CPU.Build.0 = Debug|Any CPU
		{5D4F753C-1718-4E15-9FCC-A0440C868881}.Release|Any CPU.ActiveCfg = Release|Any CPU
		{5D4F753C-1718-4E15-9FCC-A0440C868881}.Release|Any CPU.Build.0 = Release|Any CPU
	EndGlobalSection
	GlobalSection(SolutionProperties) = preSolution
		HideSolutionNode = FALSE
	EndGlobalSection
	GlobalSection(ExtensibilityGlobals) = postSolution
		SolutionGuid = {C275E095-0BC5-4B3A-B5EA-2F4E5596FD4B}
	EndGlobalSection
EndGlobal
